// !$*UTF8*$!
{
	archiveVersion = 1;
	classes = {
	};
	objectVersion = 56;
	objects = {

/* Begin PBXFileReference section */
		FCFD6EE92A28320B007ACA77 /* RCTBubble.h */ = {isa = PBXFileReference; lastKnownFileType = sourcecode.c.h; path = RCTBubble.h; sourceTree = "<group>"; };
/* End PBXFileReference section */

/* Begin PBXGroup section */
		FCFD6EE22A2830F0007ACA77 = {
			isa = PBXGroup;
			children = (
				FCFD6EE92A28320B007ACA77 /* RCTBubble.h */,
			);
			sourceTree = "<group>";
		};
/* End PBXGroup section */

/* Begin PBXProject section */
		FCFD6EE32A2830F0007ACA77 /* Project object */ = {
			isa = PBXProject;
			attributes = {
				BuildIndependentTargetsInParallel = 1;
				LastUpgradeCheck = 1430;
			};
			buildConfigurationList = FCFD6EE62A2830F0007ACA77 /* Build configuration list for PBXProject "bubble" */;
			compatibilityVersion = "Xcode 14.0";
			developmentRegion = en;
			hasScannedForEncodings = 0;
			knownRegions = (
				en,
				Base,
			);
			mainGroup = FCFD6EE22A2830F0007ACA77;
			projectDirPath = "";
			projectRoot = "";
			targets = (
			);
		};
/* End PBXProject section */

/* Begin XCBuildConfiguration section */
		FCFD6EE72A2830F0007ACA77 /* Debug */ = {
			isa = XCBuildConfiguration;
			buildSettings = {
			};
			name = Debug;
		};
		FCFD6EE82A2830F0007ACA77 /* Release */ = {
			isa = XCBuildConfiguration;
			buildSettings = {
			};
			name = Release;
		};
/* End XCBuildConfiguration section */

/* Begin XCConfigurationList section */
		FCFD6EE62A2830F0007ACA77 /* Build configuration list for PBXProject "bubble" */ = {
			isa = XCConfigurationList;
			buildConfigurations = (
				FCFD6EE72A2830F0007ACA77 /* Debug */,
				FCFD6EE82A2830F0007ACA77 /* Release */,
			);
			defaultConfigurationIsVisible = 0;
			defaultConfigurationName = Release;
		};
/* End XCConfigurationList section */
	};
	rootObject = FCFD6EE32A2830F0007ACA77 /* Project object */;
}
